// !$*UTF8*$!
{
	archiveVersion = 1;
	classes = {
	};
	objectVersion = 48;
	objects = {

/* Begin PBXBuildFile section */
		EBAFD4292047784E001B9825 /* AppDelegate.swift in Sources */ = {isa = PBXBuildFile; fileRef = EBAFD4282047784E001B9825 /* AppDelegate.swift */; };
		EBAFD42B2047784E001B9825 /* ViewController.swift in Sources */ = {isa = PBXBuildFile; fileRef = EBAFD42A2047784E001B9825 /* ViewController.swift */; };
		EBAFD42E2047784E001B9825 /* Main.storyboard in Resources */ = {isa = PBXBuildFile; fileRef = EBAFD42C2047784E001B9825 /* Main.storyboard */; };
		EBAFD4302047784E001B9825 /* Assets.xcassets in Resources */ = {isa = PBXBuildFile; fileRef = EBAFD42F2047784E001B9825 /* Assets.xcassets */; };
		EBAFD4332047784E001B9825 /* LaunchScreen.storyboard in Resources */ = {isa = PBXBuildFile; fileRef = EBAFD4312047784E001B9825 /* LaunchScreen.storyboard */; };
		EBAFD43B20477882001B9825 /* TriangleView.swift in Sources */ = {isa = PBXBuildFile; fileRef = EBAFD43A20477882001B9825 /* TriangleView.swift */; };
/* End PBXBuildFile section */

/* Begin PBXFileReference section */
		EBAFD4252047784E001B9825 /* ExemploDesenho.app */ = {isa = PBXFileReference; explicitFileType = wrapper.application; includeInIndex = 0; path = ExemploDesenho.app; sourceTree = BUILT_PRODUCTS_DIR; };
		EBAFD4282047784E001B9825 /* AppDelegate.swift */ = {isa = PBXFileReference; lastKnownFileType = sourcecode.swift; path = AppDelegate.swift; sourceTree = "<group>"; };
		EBAFD42A2047784E001B9825 /* ViewController.swift */ = {isa = PBXFileReference; lastKnownFileType = sourcecode.swift; path = ViewController.swift; sourceTree = "<group>"; };
		EBAFD42D2047784E001B9825 /* Base */ = {isa = PBXFileReference; lastKnownFileType = file.storyboard; name = Base; path = Base.lproj/Main.storyboard; sourceTree = "<group>"; };
		EBAFD42F2047784E001B9825 /* Assets.xcassets */ = {isa = PBXFileReference; lastKnownFileType = folder.assetcatalog; path = Assets.xcassets; sourceTree = "<group>"; };
		EBAFD4322047784E001B9825 /* Base */ = {isa = PBXFileReference; lastKnownFileType = file.storyboard; name = Base; path = Base.lproj/LaunchScreen.storyboard; sourceTree = "<group>"; };
		EBAFD4342047784E001B9825 /* Info.plist */ = {isa = PBXFileReference; lastKnownFileType = text.plist.xml; path = Info.plist; sourceTree = "<group>"; };
		EBAFD43A20477882001B9825 /* TriangleView.swift */ = {isa = PBXFileReference; lastKnownFileType = sourcecode.swift; path = TriangleView.swift; sourceTree = "<group>"; };
/* End PBXFileReference section */

/* Begin PBXFrameworksBuildPhase section */
		EBAFD4222047784E001B9825 /* Frameworks */ = {
			isa = PBXFrameworksBuildPhase;
			buildActionMask = 2147483647;
			files = (
			);
			runOnlyForDeploymentPostprocessing = 0;
		};
/* End PBXFrameworksBuildPhase section */

/* Begin PBXGroup section */
		EBAFD41C2047784E001B9825 = {
			isa = PBXGroup;
			children = (
				EBAFD4272047784E001B9825 /* ExemploDesenho */,
				EBAFD4262047784E001B9825 /* Products */,
			);
			sourceTree = "<group>";
		};
		EBAFD4262047784E001B9825 /* Products */ = {
			isa = PBXGroup;
			children = (
				EBAFD4252047784E001B9825 /* ExemploDesenho.app */,
			);
			name = Products;
			sourceTree = "<group>";
		};
		EBAFD4272047784E001B9825 /* ExemploDesenho */ = {
			isa = PBXGroup;
			children = (
				EBAFD4282047784E001B9825 /* AppDelegate.swift */,
				EBAFD42A2047784E001B9825 /* ViewController.swift */,
				EBAFD42C2047784E001B9825 /* Main.storyboard */,
				EBAFD42F2047784E001B9825 /* Assets.xcassets */,
				EBAFD4312047784E001B9825 /* LaunchScreen.storyboard */,
				EBAFD4342047784E001B9825 /* Info.plist */,
				EBAFD43A20477882001B9825 /* TriangleView.swift */,
			);
			path = ExemploDesenho;
			sourceTree = "<group>";
		};
/* End PBXGroup section */

/* Begin PBXNativeTarget section */
		EBAFD4242047784E001B9825 /* ExemploDesenho */ = {
			isa = PBXNativeTarget;
			buildConfigurationList = EBAFD4372047784E001B9825 /* Build configuration list for PBXNativeTarget "ExemploDesenho" */;
			buildPhases = (
				EBAFD4212047784E001B9825 /* Sources */,
				EBAFD4222047784E001B9825 /* Frameworks */,
				EBAFD4232047784E001B9825 /* Resources */,
			);
			buildRules = (
			);
			dependencies = (
			);
			name = ExemploDesenho;
			productName = ExemploDesenho;
			productReference = EBAFD4252047784E001B9825 /* ExemploDesenho.app */;
			productType = "com.apple.product-type.application";
		};
/* End PBXNativeTarget section */

/* Begin PBXProject section */
		EBAFD41D2047784E001B9825 /* Project object */ = {
			isa = PBXProject;
			attributes = {
				LastSwiftUpdateCheck = 0920;
				LastUpgradeCheck = 0920;
				ORGANIZATIONNAME = IESB;
				TargetAttributes = {
					EBAFD4242047784E001B9825 = {
						CreatedOnToolsVersion = 9.2;
						ProvisioningStyle = Automatic;
					};
				};
			};
			buildConfigurationList = EBAFD4202047784E001B9825 /* Build configuration list for PBXProject "ExemploDesenho" */;
			compatibilityVersion = "Xcode 8.0";
			developmentRegion = en;
			hasScannedForEncodings = 0;
			knownRegions = (
				en,
				Base,
			);
			mainGroup = EBAFD41C2047784E001B9825;
			productRefGroup = EBAFD4262047784E001B9825 /* Products */;
			projectDirPath = "";
			projectRoot = "";
			targets = (
				EBAFD4242047784E001B9825 /* ExemploDesenho */,
			);
		};
/* End PBXProject section */

/* Begin PBXResourcesBuildPhase section */
		EBAFD4232047784E001B9825 /* Resources */ = {
			isa = PBXResourcesBuildPhase;
			buildActionMask = 2147483647;
			files = (
				EBAFD4332047784E001B9825 /* LaunchScreen.storyboard in Resources */,
				EBAFD4302047784E001B9825 /* Assets.xcassets in Resources */,
				EBAFD42E2047784E001B9825 /* Main.storyboard in Resources */,
			);
			runOnlyForDeploymentPostprocessing = 0;
		};
/* End PBXResourcesBuildPhase section */

/* Begin PBXSourcesBuildPhase section */
		EBAFD4212047784E001B9825 /* Sources */ = {
			isa = PBXSourcesBuildPhase;
			buildActionMask = 2147483647;
			files = (
				EBAFD42B2047784E001B9825 /* ViewController.swift in Sources */,
				EBAFD43B20477882001B9825 /* TriangleView.swift in Sources */,
				EBAFD4292047784E001B9825 /* AppDelegate.swift in Sources */,
			);
			runOnlyForDeploymentPostprocessing = 0;
		};
/* End PBXSourcesBuildPhase section */

/* Begin PBXVariantGroup section */
		EBAFD42C2047784E001B9825 /* Main.storyboard */ = {
			isa = PBXVariantGroup;
			children = (
				EBAFD42D2047784E001B9825 /* Base */,
			);
			name = Main.storyboard;
			sourceTree = "<group>";
		};
		EBAFD4312047784E001B9825 /* LaunchScreen.storyboard */ = {
			isa = PBXVariantGroup;
			children = (
				EBAFD4322047784E001B9825 /* Base */,
			);
			name = LaunchScreen.storyboard;
			sourceTree = "<group>";
		};
/* End PBXVariantGroup section */

/* Begin XCBuildConfiguration section */
		EBAFD4352047784E001B9825 /* Debug */ = {
			isa = XCBuildConfiguration;
			buildSettings = {
				ALWAYS_SEARCH_USER_PATHS = NO;
				CLANG_ANALYZER_NONNULL = YES;
				CLANG_ANALYZER_NUMBER_OBJECT_CONVERSION = YES_AGGRESSIVE;
				CLANG_CXX_LANGUAGE_STANDARD = "gnu++14";
				CLANG_CXX_LIBRARY = "libc++";
				CLANG_ENABLE_MODULES = YES;
				CLANG_ENABLE_OBJC_ARC = YES;
				CLANG_WARN_BLOCK_CAPTURE_AUTORELEASING = YES;
				CLANG_WARN_BOOL_CONVERSION = YES;
				CLANG_WARN_COMMA = YES;
				CLANG_WARN_CONSTANT_CONVERSION = YES;
				CLANG_WARN_DIRECT_OBJC_ISA_USAGE = YES_ERROR;
				CLANG_WARN_DOCUMENTATION_COMMENTS = YES;
				CLANG_WARN_EMPTY_BODY = YES;
				CLANG_WARN_ENUM_CONVERSION = YES;
				CLANG_WARN_INFINITE_RECURSION = YES;
				CLANG_WARN_INT_CONVERSION = YES;
				CLANG_WARN_NON_LITERAL_NULL_CONVERSION = YES;
				CLANG_WARN_OBJC_LITERAL_CONVERSION = YES;
				CLANG_WARN_OBJC_ROOT_CLASS = YES_ERROR;
				CLANG_WARN_RANGE_LOOP_ANALYSIS = YES;
				CLANG_WARN_STRICT_PROTOTYPES = YES;
				CLANG_WARN_SUSPICIOUS_MOVE = YES;
				CLANG_WARN_UNGUARDED_AVAILABILITY = YES_AGGRESSIVE;
				CLANG_WARN_UNREACHABLE_CODE = YES;
				CLANG_WARN__DUPLICATE_METHOD_MATCH = YES;
				CODE_SIGN_IDENTITY = "iPhone Developer";
				COPY_PHASE_STRIP = NO;
				DEBUG_INFORMATION_FORMAT = dwarf;
				ENABLE_STRICT_OBJC_MSGSEND = YES;
				ENABLE_TESTABILITY = YES;
				GCC_C_LANGUAGE_STANDARD = gnu11;
				GCC_DYNAMIC_NO_PIC = NO;
				GCC_NO_COMMON_BLOCKS = YES;
				GCC_OPTIMIZATION_LEVEL = 0;
				GCC_PREPROCESSOR_DEFINITIONS = (
					"DEBUG=1",
					"$(inherited)",
				);
				GCC_WARN_64_TO_32_BIT_CONVERSION = YES;
				GCC_WARN_ABOUT_RETURN_TYPE = YES_ERROR;
				GCC_WARN_UNDECLARED_SELECTOR = YES;
				GCC_WARN_UNINITIALIZED_AUTOS = YES_AGGRESSIVE;
				GCC_WARN_UNUSED_FUNCTION = YES;
				GCC_WARN_UNUSED_VARIABLE = YES;
				IPHONEOS_DEPLOYMENT_TARGET = 11.2;
				MTL_ENABLE_DEBUG_INFO = YES;
				ONLY_ACTIVE_ARCH = YES;
				SDKROOT = iphoneos;
				SWIFT_ACTIVE_COMPILATION_CONDITIONS = DEBUG;
				SWIFT_OPTIMIZATION_LEVEL = "-Onone";
			};
			name = Debug;
		};
		EBAFD4362047784E001B9825 /* Release */ = {
			isa = XCBuildConfiguration;
			buildSettings = {
				ALWAYS_SEARCH_USER_PATHS = NO;
				CLANG_ANALYZER_NONNULL = YES;
				CLANG_ANALYZER_NUMBER_OBJECT_CONVERSION = YES_AGGRESSIVE;
				CLANG_CXX_LANGUAGE_STANDARD = "gnu++14";
				CLANG_CXX_LIBRARY = "libc++";
				CLANG_ENABLE_MODULES = YES;
				CLANG_ENABLE_OBJC_ARC = YES;
				CLANG_WARN_BLOCK_CAPTURE_AUTORELEASING = YES;
				CLANG_WARN_BOOL_CONVERSION = YES;
				CLANG_WARN_COMMA = YES;
				CLANG_WARN_CONSTANT_CONVERSION = YES;
				CLANG_WARN_DIRECT_OBJC_ISA_USAGE = YES_ERROR;
				CLANG_WARN_DOCUMENTATION_COMMENTS = YES;
				CLANG_WARN_EMPTY_BODY = YES;
				CLANG_WARN_ENUM_CONVERSION = YES;
				CLANG_WARN_INFINITE_RECURSION = YES;
				CLANG_WARN_INT_CONVERSION = YES;
				CLANG_WARN_NON_LITERAL_NULL_CONVERSION = YES;
				CLANG_WARN_OBJC_LITERAL_CONVERSION = YES;
				CLANG_WARN_OBJC_ROOT_CLASS = YES_ERROR;
				CLANG_WARN_RANGE_LOOP_ANALYSIS = YES;
				CLANG_WARN_STRICT_PROTOTYPES = YES;
				CLANG_WARN_SUSPICIOUS_MOVE = YES;
				CLANG_WARN_UNGUARDED_AVAILABILITY = YES_AGGRESSIVE;
				CLANG_WARN_UNREACHABLE_CODE = YES;
				CLANG_WARN__DUPLICATE_METHOD_MATCH = YES;
				CODE_SIGN_IDENTITY = "iPhone Developer";
				COPY_PHASE_STRIP = NO;
				DEBUG_INFORMATION_FORMAT = "dwarf-with-dsym";
				ENABLE_NS_ASSERTIONS = NO;
				ENABLE_STRICT_OBJC_MSGSEND = YES;
				GCC_C_LANGUAGE_STANDARD = gnu11;
				GCC_NO_COMMON_BLOCKS = YES;
				GCC_WARN_64_TO_32_BIT_CONVERSION = YES;
				GCC_WARN_ABOUT_RETURN_TYPE = YES_ERROR;
				GCC_WARN_UNDECLARED_SELECTOR = YES;
				GCC_WARN_UNINITIALIZED_AUTOS = YES_AGGRESSIVE;
				GCC_WARN_UNUSED_FUNCTION = YES;
				GCC_WARN_UNUSED_VARIABLE = YES;
				IPHONEOS_DEPLOYMENT_TARGET = 11.2;
				MTL_ENABLE_DEBUG_INFO = NO;
				SDKROOT = iphoneos;
				SWIFT_OPTIMIZATION_LEVEL = "-Owholemodule";
				VALIDATE_PRODUCT = YES;
			};
			name = Release;
		};
		EBAFD4382047784E001B9825 /* Debug */ = {
			isa = XCBuildConfiguration;
			buildSettings = {
				ASSETCATALOG_COMPILER_APPICON_NAME = AppIcon;
				CODE_SIGN_STYLE = Automatic;
				INFOPLIST_FILE = ExemploDesenho/Info.plist;
				LD_RUNPATH_SEARCH_PATHS = "$(inherited) @executable_path/Frameworks";
				PRODUCT_BUNDLE_IDENTIFIER = br.iesb.dispMovel2017b.ExemploDesenho;
				PRODUCT_NAME = "$(TARGET_NAME)";
				SWIFT_VERSION = 4.0;
				TARGETED_DEVICE_FAMILY = "1,2";
			};
			name = Debug;
		};
		EBAFD4392047784E001B9825 /* Release */ = {
			isa = XCBuildConfiguration;
			buildSettings = {
				ASSETCATALOG_COMPILER_APPICON_NAME = AppIcon;
				CODE_SIGN_STYLE = Automatic;
				INFOPLIST_FILE = ExemploDesenho/Info.plist;
				LD_RUNPATH_SEARCH_PATHS = "$(inherited) @executable_path/Frameworks";
				PRODUCT_BUNDLE_IDENTIFIER = br.iesb.dispMovel2017b.ExemploDesenho;
				PRODUCT_NAME = "$(TARGET_NAME)";
				SWIFT_VERSION = 4.0;
				TARGETED_DEVICE_FAMILY = "1,2";
			};
			name = Release;
		};
/* End XCBuildConfiguration section */

/* Begin XCConfigurationList section */
		EBAFD4202047784E001B9825 /* Build configuration list for PBXProject "ExemploDesenho" */ = {
			isa = XCConfigurationList;
			buildConfigurations = (
				EBAFD4352047784E001B9825 /* Debug */,
				EBAFD4362047784E001B9825 /* Release */,
			);
			defaultConfigurationIsVisible = 0;
			defaultConfigurationName = Release;
		};
		EBAFD4372047784E001B9825 /* Build configuration list for PBXNativeTarget "ExemploDesenho" */ = {
			isa = XCConfigurationList;
			buildConfigurations = (
				EBAFD4382047784E001B9825 /* Debug */,
				EBAFD4392047784E001B9825 /* Release */,
			);
			defaultConfigurationIsVisible = 0;
			defaultConfigurationName = Release;
		};
/* End XCConfigurationList section */
	};
	rootObject = EBAFD41D2047784E001B9825 /* Project object */;
}
